
Microsoft Visual Studio Solution File, Format Version 12.00
Project("{FAE04EC0-301F-11D3-BF4B-00C04F79EFBC}") = "MS_Project", "MS_Project\MS_Project.csproj", "{2FAF5A9D-38F5-400C-BB89-8B77383AE430}"
EndProject
Project("{2150E333-8FDC-42A3-9474-1A3956D46DE8}") = "Services", "Services", "{00152380-56D5-481A-80A8-9DDE9B8E73C4}"
EndProject
Project("{2150E333-8FDC-42A3-9474-1A3956D46DE8}") = "Clean", "Clean", "{64DBFDE0-BC92-48A4-9DD3-D14A9899CCC5}"
EndProject
Project("{FAE04EC0-301F-11D3-BF4B-00C04F79EFBC}") = "Clean.Api", "Services\Clean\Clean.Api\Clean.Api.csproj", "{9FF49BB7-F5DE-43C3-8F58-AEBB4C6C3307}"
EndProject
Project("{FAE04EC0-301F-11D3-BF4B-00C04F79EFBC}") = "Clean.Application", "Services\Clean\Clean.Application\Clean.Application.csproj", "{694DF576-5A5F-4243-9964-5EE66192A495}"
EndProject
Project("{FAE04EC0-301F-11D3-BF4B-00C04F79EFBC}") = "Clean.Infrastructure", "Services\Clean\Clean.Infrastructure\Clean.Infrastructure.csproj", "{609250B0-D4B7-4558-8030-21A8A32BA235}"
EndProject
Project("{FAE04EC0-301F-11D3-BF4B-00C04F79EFBC}") = "Clean.Domain", "Services\Clean\Clean.Domain\Clean.Domain.csproj", "{119046E6-0297-438B-AC42-648C3BF162D5}"
EndProject
Project("{2150E333-8FDC-42A3-9474-1A3956D46DE8}") = "Auth", "Auth", "{ABC0E526-BC01-44FE-9319-B4068F8D711B}"
EndProject
Project("{FAE04EC0-301F-11D3-BF4B-00C04F79EFBC}") = "Auth.Api", "Auth\Auth.Api\Auth.Api.csproj", "{867CF460-BF0E-4645-979D-2C0667F96D59}"
EndProject
Project("{FAE04EC0-301F-11D3-BF4B-00C04F79EFBC}") = "Auth.Application", "Auth\Auth.Application\Auth.Application.csproj", "{D842349D-7645-4244-B91D-2CF786D51F07}"
EndProject
Project("{FAE04EC0-301F-11D3-BF4B-00C04F79EFBC}") = "Auth.Domain", "Auth\Auth.Domain\Auth.Domain.csproj", "{A595A2A0-B68C-4CA9-9083-1B234DBDE913}"
EndProject
Project("{FAE04EC0-301F-11D3-BF4B-00C04F79EFBC}") = "Auth.Infrastructure", "Auth\Auth.Infrastructure\Auth.Infrastructure.csproj", "{7EAE60A6-4ACB-499A-B2EE-9A1CE3702AFE}"
EndProject
Project("{FAE04EC0-301F-11D3-BF4B-00C04F79EFBC}") = "Clean.Hubs", "Services\Clean\Clean.Hubs\Clean.Hubs.csproj", "{69E30031-9156-4EAA-9867-F5AD7E570F20}"
EndProject
Global
	GlobalSection(SolutionConfigurationPlatforms) = preSolution
		Debug|Any CPU = Debug|Any CPU
		Release|Any CPU = Release|Any CPU
	EndGlobalSection
	GlobalSection(ProjectConfigurationPlatforms) = postSolution
		{2FAF5A9D-38F5-400C-BB89-8B77383AE430}.Debug|Any CPU.ActiveCfg = Debug|Any CPU
		{2FAF5A9D-38F5-400C-BB89-8B77383AE430}.Debug|Any CPU.Build.0 = Debug|Any CPU
		{2FAF5A9D-38F5-400C-BB89-8B77383AE430}.Release|Any CPU.ActiveCfg = Release|Any CPU
		{2FAF5A9D-38F5-400C-BB89-8B77383AE430}.Release|Any CPU.Build.0 = Release|Any CPU
		{9FF49BB7-F5DE-43C3-8F58-AEBB4C6C3307}.Debug|Any CPU.ActiveCfg = Debug|Any CPU
		{9FF49BB7-F5DE-43C3-8F58-AEBB4C6C3307}.Debug|Any CPU.Build.0 = Debug|Any CPU
		{9FF49BB7-F5DE-43C3-8F58-AEBB4C6C3307}.Release|Any CPU.ActiveCfg = Release|Any CPU
		{9FF49BB7-F5DE-43C3-8F58-AEBB4C6C3307}.Release|Any CPU.Build.0 = Release|Any CPU
		{694DF576-5A5F-4243-9964-5EE66192A495}.Debug|Any CPU.ActiveCfg = Debug|Any CPU
		{694DF576-5A5F-4243-9964-5EE66192A495}.Debug|Any CPU.Build.0 = Debug|Any CPU
		{694DF576-5A5F-4243-9964-5EE66192A495}.Release|Any CPU.ActiveCfg = Release|Any CPU
		{694DF576-5A5F-4243-9964-5EE66192A495}.Release|Any CPU.Build.0 = Release|Any CPU
		{609250B0-D4B7-4558-8030-21A8A32BA235}.Debug|Any CPU.ActiveCfg = Debug|Any CPU
		{609250B0-D4B7-4558-8030-21A8A32BA235}.Debug|Any CPU.Build.0 = Debug|Any CPU
		{609250B0-D4B7-4558-8030-21A8A32BA235}.Release|Any CPU.ActiveCfg = Release|Any CPU
		{609250B0-D4B7-4558-8030-21A8A32BA235}.Release|Any CPU.Build.0 = Release|Any CPU
		{119046E6-0297-438B-AC42-648C3BF162D5}.Debug|Any CPU.ActiveCfg = Debug|Any CPU
		{119046E6-0297-438B-AC42-648C3BF162D5}.Debug|Any CPU.Build.0 = Debug|Any CPU
		{119046E6-0297-438B-AC42-648C3BF162D5}.Release|Any CPU.ActiveCfg = Release|Any CPU
		{119046E6-0297-438B-AC42-648C3BF162D5}.Release|Any CPU.Build.0 = Release|Any CPU
		{867CF460-BF0E-4645-979D-2C0667F96D59}.Debug|Any CPU.ActiveCfg = Debug|Any CPU
		{867CF460-BF0E-4645-979D-2C0667F96D59}.Debug|Any CPU.Build.0 = Debug|Any CPU
		{867CF460-BF0E-4645-979D-2C0667F96D59}.Release|Any CPU.ActiveCfg = Release|Any CPU
		{867CF460-BF0E-4645-979D-2C0667F96D59}.Release|Any CPU.Build.0 = Release|Any CPU
		{D842349D-7645-4244-B91D-2CF786D51F07}.Debug|Any CPU.ActiveCfg = Debug|Any CPU
		{D842349D-7645-4244-B91D-2CF786D51F07}.Debug|Any CPU.Build.0 = Debug|Any CPU
		{D842349D-7645-4244-B91D-2CF786D51F07}.Release|Any CPU.ActiveCfg = Release|Any CPU
		{D842349D-7645-4244-B91D-2CF786D51F07}.Release|Any CPU.Build.0 = Release|Any CPU
		{A595A2A0-B68C-4CA9-9083-1B234DBDE913}.Debug|Any CPU.ActiveCfg = Debug|Any CPU
		{A595A2A0-B68C-4CA9-9083-1B234DBDE913}.Debug|Any CPU.Build.0 = Debug|Any CPU
		{A595A2A0-B68C-4CA9-9083-1B234DBDE913}.Release|Any CPU.ActiveCfg = Release|Any CPU
		{A595A2A0-B68C-4CA9-9083-1B234DBDE913}.Release|Any CPU.Build.0 = Release|Any CPU
		{7EAE60A6-4ACB-499A-B2EE-9A1CE3702AFE}.Debug|Any CPU.ActiveCfg = Debug|Any CPU
		{7EAE60A6-4ACB-499A-B2EE-9A1CE3702AFE}.Debug|Any CPU.Build.0 = Debug|Any CPU
		{7EAE60A6-4ACB-499A-B2EE-9A1CE3702AFE}.Release|Any CPU.ActiveCfg = Release|Any CPU
		{7EAE60A6-4ACB-499A-B2EE-9A1CE3702AFE}.Release|Any CPU.Build.0 = Release|Any CPU
		{69E30031-9156-4EAA-9867-F5AD7E570F20}.Debug|Any CPU.ActiveCfg = Debug|Any CPU
		{69E30031-9156-4EAA-9867-F5AD7E570F20}.Debug|Any CPU.Build.0 = Debug|Any CPU
		{69E30031-9156-4EAA-9867-F5AD7E570F20}.Release|Any CPU.ActiveCfg = Release|Any CPU
		{69E30031-9156-4EAA-9867-F5AD7E570F20}.Release|Any CPU.Build.0 = Release|Any CPU
	EndGlobalSection
	GlobalSection(NestedProjects) = preSolution
		{64DBFDE0-BC92-48A4-9DD3-D14A9899CCC5} = {00152380-56D5-481A-80A8-9DDE9B8E73C4}
		{9FF49BB7-F5DE-43C3-8F58-AEBB4C6C3307} = {64DBFDE0-BC92-48A4-9DD3-D14A9899CCC5}
		{694DF576-5A5F-4243-9964-5EE66192A495} = {64DBFDE0-BC92-48A4-9DD3-D14A9899CCC5}
		{609250B0-D4B7-4558-8030-21A8A32BA235} = {64DBFDE0-BC92-48A4-9DD3-D14A9899CCC5}
		{119046E6-0297-438B-AC42-648C3BF162D5} = {64DBFDE0-BC92-48A4-9DD3-D14A9899CCC5}
		{867CF460-BF0E-4645-979D-2C0667F96D59} = {ABC0E526-BC01-44FE-9319-B4068F8D711B}
		{D842349D-7645-4244-B91D-2CF786D51F07} = {ABC0E526-BC01-44FE-9319-B4068F8D711B}
		{A595A2A0-B68C-4CA9-9083-1B234DBDE913} = {ABC0E526-BC01-44FE-9319-B4068F8D711B}
		{7EAE60A6-4ACB-499A-B2EE-9A1CE3702AFE} = {ABC0E526-BC01-44FE-9319-B4068F8D711B}
		{69E30031-9156-4EAA-9867-F5AD7E570F20} = {64DBFDE0-BC92-48A4-9DD3-D14A9899CCC5}
	EndGlobalSection
EndGlobal
